<?xml version="1.0" encoding="utf-8"?>
<Project ToolsVersion="4.0" xmlns="http://schemas.microsoft.com/developer/msbuild/2003">
  <ItemGroup>
    <Filter Include="Source Files">
      <UniqueIdentifier>{4FC737F1-C7A5-4376-A066-2A32D752A2FF}</UniqueIdentifier>
      <Extensions>cpp;c;cc;cxx;c++;cppm;ixx;def;odl;idl;hpj;bat;asm;asmx</Extensions>
    </Filter>
    <Filter Include="Header Files">
      <UniqueIdentifier>{93995380-89BD-4b04-88EB-625FBE52EBFB}</UniqueIdentifier>
      <Extensions>h;hh;hpp;hxx;h++;hm;inl;inc;ipp;xsd</Extensions>
    </Filter>
    <Filter Include="Header Files\platforms">
      <UniqueIdentifier>{2f8b53cc-53f7-4c05-b716-9a9dce829c39}</UniqueIdentifier>
    </Filter>
    <Filter Include="Source Files\platforms">
      <UniqueIdentifier>{98be62ef-dbe5-4a06-8a7d-ac1b58d5b605}</UniqueIdentifier>
    </Filter>
    <Filter Include="Source Files\platforms\epic">
      <UniqueIdentifier>{5965e26f-a8eb-4666-9ceb-f8518526d6b6}</UniqueIdentifier>
    </Filter>
    <Filter Include="Header Files\platforms\epic">
      <UniqueIdentifier>{9377a090-30bd-4d9d-9536-e01ec9e80c6b}</UniqueIdentifier>
    </Filter>
    <Filter Include="Header Files\platforms\steam">
      <UniqueIdentifier>{57aa9d64-b2f5-43dd-a97e-06c77c18d5cf}</UniqueIdentifier>
    </Filter>
    <Filter Include="Source Files\platforms\steam">
      <UniqueIdentifier>{a416250b-0b77-4aa1-a50e-d7e34fa6b974}</UniqueIdentifier>
    </Filter>
    <Filter Include="Header Files\platforms\origin">
      <UniqueIdentifier>{a09035ba-a888-4765-86c3-5d1df17bdf5a}</UniqueIdentifier>
    </Filter>
    <Filter Include="Source Files\platforms\origin">
      <UniqueIdentifier>{e6dd8cef-5536-4417-88af-da4931ab890d}</UniqueIdentifier>
    </Filter>
    <Filter Include="Source Files\platforms\uplay_r2">
      <UniqueIdentifier>{dead7396-6b35-46bc-9107-d06731daa0cc}</UniqueIdentifier>
    </Filter>
    <Filter Include="Header Files\platforms\uplay_r2">
      <UniqueIdentifier>{3fa38e81-3df5-4991-ab87-30a327edacfe}</UniqueIdentifier>
    </Filter>
    <Filter Include="Header Files\platforms\uplay_r1">
      <UniqueIdentifier>{5fe452a7-3c29-4ce1-a4b2-1bf90c6b15ee}</UniqueIdentifier>
    </Filter>
    <Filter Include="Source Files\platforms\uplay_r1">
      <UniqueIdentifier>{e1f0bb2b-4cf4-4a3b-8c4c-d5e216cd5eba}</UniqueIdentifier>
    </Filter>
    <Filter Include="Header Files\platforms\steam_client">
      <UniqueIdentifier>{9e69e971-135d-48fd-a877-42da42dd2cff}</UniqueIdentifier>
    </Filter>
    <Filter Include="Source Files\platforms\steam_client">
      <UniqueIdentifier>{ebc40d9a-24d1-4a57-8325-ba65c72c8398}</UniqueIdentifier>
    </Filter>
  </ItemGroup>
  <ItemGroup>
    <ClInclude Include="src\DLLMonitor.h">
      <Filter>Header Files</Filter>
    </ClInclude>
    <ClInclude Include="src\framework.h">
      <Filter>Header Files</Filter>
    </ClInclude>
    <ClInclude Include="src\hook_util.h">
      <Filter>Header Files</Filter>
    </ClInclude>
    <ClInclude Include="src\ntapi.h">
      <Filter>Header Files</Filter>
    </ClInclude>
    <ClInclude Include="src\pch.h">
      <Filter>Header Files</Filter>
    </ClInclude>
    <ClInclude Include="src\ProcessHooker.h">
      <Filter>Header Files</Filter>
    </ClInclude>
    <ClInclude Include="src\Unlocker.h">
      <Filter>Header Files</Filter>
    </ClInclude>
    <ClInclude Include="src\platforms\epic\Epic.h">
      <Filter>Header Files\platforms\epic</Filter>
    </ClInclude>
    <ClInclude Include="src\platforms\BasePlatform.h">
      <Filter>Header Files\platforms\epic</Filter>
    </ClInclude>
    <ClInclude Include="src\platforms\epic\eos_base.h">
      <Filter>Header Files\platforms\epic</Filter>
    </ClInclude>
    <ClInclude Include="src\platforms\epic\eos_common.h">
      <Filter>Header Files\platforms\epic</Filter>
    </ClInclude>
    <ClInclude Include="src\platforms\epic\eos_ecom_types.h">
      <Filter>Header Files\platforms\epic</Filter>
    </ClInclude>
    <ClInclude Include="src\platforms\epic\eos_hooks.h">
      <Filter>Header Files\platforms\epic</Filter>
    </ClInclude>
    <ClInclude Include="src\platforms\epic\eos_result.h">
      <Filter>Header Files\platforms\epic</Filter>
    </ClInclude>
    <ClInclude Include="src\platforms\steam\steamtypes.h">
      <Filter>Header Files\platforms\steam</Filter>
    </ClInclude>
    <ClInclude Include="src\platforms\steam\steam_hooks.h">
      <Filter>Header Files\platforms\steam</Filter>
    </ClInclude>
    <ClInclude Include="src\platforms\steam\Steam.h">
      <Filter>Header Files\platforms\steam</Filter>
    </ClInclude>
    <ClInclude Include="src\platforms\ea\origin\origin_hooks.h">
      <Filter>Header Files\platforms\origin</Filter>
    </ClInclude>
    <ClInclude Include="src\platforms\ea\origin\Origin.h">
      <Filter>Header Files\platforms\origin</Filter>
    </ClInclude>
    <ClInclude Include="src\platforms\uplay_r2\UplayR2.h">
      <Filter>Header Files\platforms\uplay_r2</Filter>
    </ClInclude>
    <ClInclude Include="src\platforms\uplay_r2\uplay_r2_hooks.h">
      <Filter>Header Files\platforms\uplay_r2</Filter>
    </ClInclude>
    <ClInclude Include="src\platforms\uplay_r1\UplayR1.h">
      <Filter>Header Files\platforms\uplay_r1</Filter>
    </ClInclude>
    <ClInclude Include="src\platforms\uplay_r1\uplay_r1_hooks.h">
      <Filter>Header Files</Filter>
    </ClInclude>
    <ClInclude Include="src\PatternMatcher.h">
      <Filter>Header Files</Filter>
    </ClInclude>
    <ClInclude Include="src\UpdateChecker.h">
      <Filter>Header Files</Filter>
    </ClInclude>
    <ClInclude Include="src\platforms\steam\steam_ordinals.h">
      <Filter>Header Files\platforms\steam</Filter>
    </ClInclude>
    <ClInclude Include="src\platforms\steam_client\steam_client_hooks.h">
      <Filter>Header Files\platforms\steam_client</Filter>
    </ClInclude>
    <ClInclude Include="src\platforms\steam_client\SteamClient.h">
      <Filter>Header Files\platforms\steam_client</Filter>
    </ClInclude>
    <ClInclude Include="src\platforms\ea\ea_desktop\EADesktop.h">
      <Filter>Header Files</Filter>
    </ClInclude>
    <ClInclude Include="src\platforms\ea\ea_desktop\ea_desktop_hooks.h">
      <Filter>Header Files</Filter>
    </ClInclude>
    <ClInclude Include="src\platforms\ea\ea_util.h">
      <Filter>Header Files</Filter>
    </ClInclude>
  </ItemGroup>
  <ItemGroup>
    <ClCompile Include="src\dllmain.cpp">
      <Filter>Source Files</Filter>
    </ClCompile>
    <ClCompile Include="src\DLLMonitor.cpp">
      <Filter>Source Files</Filter>
    </ClCompile>
    <ClCompile Include="src\hook_util.cpp">
      <Filter>Source Files</Filter>
    </ClCompile>
    <ClCompile Include="src\pch.cpp">
      <Filter>Source Files</Filter>
    </ClCompile>
    <ClCompile Include="src\ProcessHooker.cpp">
      <Filter>Source Files</Filter>
    </ClCompile>
    <ClCompile Include="src\Unlocker.cpp">
      <Filter>Source Files</Filter>
    </ClCompile>
    <ClCompile Include="src\platforms\epic\Epic.cpp">
      <Filter>Source Files\platforms\epic</Filter>
    </ClCompile>
    <ClCompile Include="src\platforms\epic\eos_hooks.cpp">
      <Filter>Source Files\platforms\epic</Filter>
    </ClCompile>
    <ClCompile Include="src\platforms\BasePlatform.cpp">
      <Filter>Source Files</Filter>
    </ClCompile>
    <ClCompile Include="src\platforms\steam\Steam.cpp">
      <Filter>Source Files\platforms\steam</Filter>
    </ClCompile>
    <ClCompile Include="src\platforms\steam\steam_hooks.cpp">
      <Filter>Source Files\platforms\steam</Filter>
    </ClCompile>
    <ClCompile Include="src\platforms\ea\origin\Origin.cpp">
      <Filter>Source Files\platforms\origin</Filter>
    </ClCompile>
    <ClCompile Include="src\platforms\ea\origin\origin_hooks.cpp">
      <Filter>Source Files\platforms\origin</Filter>
    </ClCompile>
    <ClCompile Include="src\platforms\uplay_r2\uplay_r2_hooks.cpp">
      <Filter>Source Files\platforms\uplay_r2</Filter>
    </ClCompile>
    <ClCompile Include="src\platforms\uplay_r2\UplayR2.cpp">
      <Filter>Source Files\platforms\uplay_r2</Filter>
    </ClCompile>
    <ClCompile Include="src\platforms\uplay_r1\UplayR1.cpp">
      <Filter>Source Files\platforms\uplay_r1</Filter>
    </ClCompile>
    <ClCompile Include="src\PatternMatcher.cpp">
      <Filter>Source Files</Filter>
    </ClCompile>
    <ClCompile Include="src\UpdateChecker.cpp">
      <Filter>Source Files</Filter>
    </ClCompile>
    <ClCompile Include="src\platforms\uplay_r1\uplay_r1_hooks.cpp">
      <Filter>Source Files\platforms\uplay_r1</Filter>
    </ClCompile>
    <ClCompile Include="src\platforms\steam_client\SteamClient.cpp">
      <Filter>Source Files\platforms\steam_client</Filter>
    </ClCompile>
    <ClCompile Include="src\platforms\steam_client\steam_client_hooks.cpp">
      <Filter>Source Files\platforms\steam_client</Filter>
    </ClCompile>
    <ClCompile Include="src\platforms\ea\ea_desktop\EADesktop.cpp">
      <Filter>Source Files</Filter>
    </ClCompile>
    <ClCompile Include="src\platforms\ea\ea_desktop\ea_desktop_hooks.cpp">
      <Filter>Source Files</Filter>
    </ClCompile>
    <ClCompile Include="src\platforms\ea\ea_util.cpp">
      <Filter>Source Files</Filter>
    </ClCompile>
  </ItemGroup>
  <ItemGroup>
    <None Include="cpp.hint" />
  </ItemGroup>
</Project>